PODS:
  - CocoaAsyncSocket (7.6.3)
  - CocoaMQTT (1.2.5):
    - CocoaAsyncSocket (~> 7.6.3)
  - JGProgressHUD (2.1)

DEPENDENCIES:
  - CocoaMQTT
  - JGProgressHUD

SPEC REPOS:
  https://github.com/cocoapods/specs.git:
    - CocoaAsyncSocket
    - CocoaMQTT
    - JGProgressHUD

SPEC CHECKSUMS:
  CocoaAsyncSocket: eafaa68a7e0ec99ead0a7b35015e0bf25d2c8987
  CocoaMQTT: a61490ed3b328011c5d75169a77781983e2bb221
  JGProgressHUD: aa403e9a5b45cae98903c4600cccdd98c0c3ec90

PODFILE CHECKSUM: 6dd63bf809ae7423867fc6cc099e093caebc0114

COCOAPODS: 1.7.5
